
Microsoft Visual Studio Solution File, Format Version 12.00
# Visual Studio Version 17
VisualStudioVersion = 17.5.33627.172
MinimumVisualStudioVersion = 10.0.40219.1
Project("{FAE04EC0-301F-11D3-BF4B-00C04F79EFBC}") = "Model", "Model\Model.csproj", "{4282ABB6-656D-4335-9B84-7BA44B3E60A1}"
EndProject
Project("{FAE04EC0-301F-11D3-BF4B-00C04F79EFBC}") = "Logic", "ConsoleApp1\Logic.csproj", "{BD20C41A-AFDC-48F1-87A6-301B48454EBD}"
EndProject
Project("{FAE04EC0-301F-11D3-BF4B-00C04F79EFBC}") = "GUI", "GUI\GUI.csproj", "{C103CC97-803F-42B7-AFF2-B68BA1BCF3FC}"
EndProject
Global
	GlobalSection(SolutionConfigurationPlatforms) = preSolution
		Debug|Any CPU = Debug|Any CPU
		Release|Any CPU = Release|Any CPU
	EndGlobalSection
	GlobalSection(ProjectConfigurationPlatforms) = postSolution
		{4282ABB6-656D-4335-9B84-7BA44B3E60A1}.Debug|Any CPU.ActiveCfg = Debug|Any CPU
		{4282ABB6-656D-4335-9B84-7BA44B3E60A1}.Debug|Any CPU.Build.0 = Debug|Any CPU
		{4282ABB6-656D-4335-9B84-7BA44B3E60A1}.Release|Any CPU.ActiveCfg = Release|Any CPU
		{4282ABB6-656D-4335-9B84-7BA44B3E60A1}.Release|Any CPU.Build.0 = Release|Any CPU
		{BD20C41A-AFDC-48F1-87A6-301B48454EBD}.Debug|Any CPU.ActiveCfg = Debug|Any CPU
		{BD20C41A-AFDC-48F1-87A6-301B48454EBD}.Debug|Any CPU.Build.0 = Debug|Any CPU
		{BD20C41A-AFDC-48F1-87A6-301B48454EBD}.Release|Any CPU.ActiveCfg = Release|Any CPU
		{BD20C41A-AFDC-48F1-87A6-301B48454EBD}.Release|Any CPU.Build.0 = Release|Any CPU
		{C103CC97-803F-42B7-AFF2-B68BA1BCF3FC}.Debug|Any CPU.ActiveCfg = Debug|Any CPU
		{C103CC97-803F-42B7-AFF2-B68BA1BCF3FC}.Debug|Any CPU.Build.0 = Debug|Any CPU
		{C103CC97-803F-42B7-AFF2-B68BA1BCF3FC}.Release|Any CPU.ActiveCfg = Release|Any CPU
		{C103CC97-803F-42B7-AFF2-B68BA1BCF3FC}.Release|Any CPU.Build.0 = Release|Any CPU
	EndGlobalSection
	GlobalSection(SolutionProperties) = preSolution
		HideSolutionNode = FALSE
	EndGlobalSection
	GlobalSection(ExtensibilityGlobals) = postSolution
		SolutionGuid = {4B1F3589-15A2-4317-BEFA-B1C0C0AA724A}
	EndGlobalSection
EndGlobal
